
Microsoft Visual Studio Solution File, Format Version 12.00
# Visual Studio Version 17
VisualStudioVersion = 17.14.36915.13 d17.14
MinimumVisualStudioVersion = 10.0.40219.1
Project("{8BC9CEB8-8B4A-11D0-8D11-00A0C91BC942}") = "RAZIN_BANK_SYSTEM", "RAZIN_BANK_SYSTEM\RAZIN_BANK_SYSTEM.vcxproj", "{F2356B43-5F4A-4CB9-B8A3-884B74876492}"
EndProject
Global
	GlobalSection(SolutionConfigurationPlatforms) = preSolution
		Debug|x64 = Debug|x64
		Debug|x86 = Debug|x86
		Release|x64 = Release|x64
		Release|x86 = Release|x86
	EndGlobalSection
	GlobalSection(ProjectConfigurationPlatforms) = postSolution
		{F2356B43-5F4A-4CB9-B8A3-884B74876492}.Debug|x64.ActiveCfg = Debug|x64
		{F2356B43-5F4A-4CB9-B8A3-884B74876492}.Debug|x64.Build.0 = Debug|x64
		{F2356B43-5F4A-4CB9-B8A3-884B74876492}.Debug|x86.ActiveCfg = Debug|Win32
		{F2356B43-5F4A-4CB9-B8A3-884B74876492}.Debug|x86.Build.0 = Debug|Win32
		{F2356B43-5F4A-4CB9-B8A3-884B74876492}.Release|x64.ActiveCfg = Release|x64
		{F2356B43-5F4A-4CB9-B8A3-884B74876492}.Release|x64.Build.0 = Release|x64
		{F2356B43-5F4A-4CB9-B8A3-884B74876492}.Release|x86.ActiveCfg = Release|Win32
		{F2356B43-5F4A-4CB9-B8A3-884B74876492}.Release|x86.Build.0 = Release|Win32
	EndGlobalSection
	GlobalSection(SolutionProperties) = preSolution
		HideSolutionNode = FALSE
	EndGlobalSection
	GlobalSection(ExtensibilityGlobals) = postSolution
		SolutionGuid = {62D3FC86-1EF5-4AB5-B22F-D6234ACC1ED8}
	EndGlobalSection
EndGlobal
